
Microsoft Visual Studio Solution File, Format Version 12.00
# Visual Studio Version 17
VisualStudioVersion = 17.12.35707.178 d17.12
MinimumVisualStudioVersion = 10.0.40219.1
Project("{FAE04EC0-301F-11D3-BF4B-00C04F79EFBC}") = "hospital-records-management-system_client", "hospital-records-management-system_client.csproj", "{208F20E4-B7BD-4B3A-A640-757E8BE76F39}"
EndProject
Global
	GlobalSection(SolutionConfigurationPlatforms) = preSolution
		Debug|Any CPU = Debug|Any CPU
		Release|Any CPU = Release|Any CPU
	EndGlobalSection
	GlobalSection(ProjectConfigurationPlatforms) = postSolution
		{208F20E4-B7BD-4B3A-A640-757E8BE76F39}.Debug|Any CPU.ActiveCfg = Debug|Any CPU
		{208F20E4-B7BD-4B3A-A640-757E8BE76F39}.Debug|Any CPU.Build.0 = Debug|Any CPU
		{208F20E4-B7BD-4B3A-A640-757E8BE76F39}.Release|Any CPU.ActiveCfg = Release|Any CPU
		{208F20E4-B7BD-4B3A-A640-757E8BE76F39}.Release|Any CPU.Build.0 = Release|Any CPU
	EndGlobalSection
	GlobalSection(SolutionProperties) = preSolution
		HideSolutionNode = FALSE
	EndGlobalSection
EndGlobal
